# This file is autogenerated, do not edit; changes may be undone by the next 'dep ensure'.


[[projects]]
  branch = "master"
  name = "github.com/JustinTulloss/firebase"
  packages = ["."]
  revision = "da65bf12d9019bd021f4583130e3bd2ca1416434"

[[projects]]
  branch = "master"
  name = "github.com/ancientlore/go-avltree"
  packages = ["."]
  revision = "4ba4b949e04ae520ba87de82bb82d8f3a6be7e11"

[[projects]]
  branch = "master"
  name = "github.com/facebookgo/httpcontrol"
  packages = ["."]
  revision = "ccde4420e1fee9af5da365cb76075b95683f39a6"

[[projects]]
  name = "github.com/gin-gonic/gin"
  packages = [
    ".",
    "binding",
    "render"
  ]
  revision = "3c3526f1f1935955a3e54fd2c0d8468802ee502e"

[[projects]]
  name = "github.com/golang/protobuf"
  packages = ["proto"]
  revision = "0fd8c908d872c921af513ef5091964bbd2e0d904"

[[projects]]
  name = "github.com/manucorporat/sse"
  packages = ["."]
  revision = "ee05b128a739a0fb76c7ebd3ae4810c1de808d6d"

[[projects]]
  name = "golang.org/x/net"
  packages = ["context"]
  revision = "1c05540f6879653db88113bc4a2b70aec4bd491f"

[[projects]]
  name = "gopkg.in/go-playground/validator.v8"
  packages = ["."]
  revision = "014792cf3e266caff1e916876be12282b33059e0"
  version = "v8.17.1"

[[projects]]
  name = "gopkg.in/yaml.v2"
  packages = ["."]
  revision = "53feefa2559fb8dfa8d81baad31be332c97d6c77"

[solve-meta]
  analyzer-name = "dep"
  analyzer-version = 1
  inputs-digest = "0e6b05d51bb31d404c22301572a70fa5ab37202ca9d02302560dce774188f268"
  solver-name = "gps-cdcl"
  solver-version = 1
